
Microsoft Visual Studio Solution File, Format Version 12.00
# Visual Studio 2015
Project("{FAE04EC0-301F-11D3-BF4B-00C04F79EFBC}") = "Miner.CSharp.Plugins", "Miner.CSharp.Plugins.csproj", "{AD0D6581-AE62-DDD9-6F16-D3E706AC6396}"
EndProject
Global
	GlobalSection(SolutionConfigurationPlatforms) = preSolution
		Debug|Any CPU = Debug|Any CPU
		Release|Any CPU = Release|Any CPU
	EndGlobalSection
	GlobalSection(ProjectConfigurationPlatforms) = postSolution
		{AD0D6581-AE62-DDD9-6F16-D3E706AC6396}.Debug|Any CPU.ActiveCfg = Debug|Any CPU
		{AD0D6581-AE62-DDD9-6F16-D3E706AC6396}.Debug|Any CPU.Build.0 = Debug|Any CPU
		{AD0D6581-AE62-DDD9-6F16-D3E706AC6396}.Release|Any CPU.ActiveCfg = Release|Any CPU
		{AD0D6581-AE62-DDD9-6F16-D3E706AC6396}.Release|Any CPU.Build.0 = Release|Any CPU
	EndGlobalSection
	GlobalSection(SolutionProperties) = preSolution
		HideSolutionNode = FALSE
	EndGlobalSection
EndGlobal
